
Microsoft Visual Studio Solution File, Format Version 12.00
# Visual Studio Version 16
VisualStudioVersion = 16.0.30114.105
MinimumVisualStudioVersion = 10.0.40219.1
Project("{FAE04EC0-301F-11D3-BF4B-00C04F79EFBC}") = "Olinda.Domain.Tests", "Olinda.Domain.Tests\Olinda.Domain.Tests.csproj", "{47A0BB7B-99A4-4A10-A900-67F05DF8DAED}"
EndProject
Project("{FAE04EC0-301F-11D3-BF4B-00C04F79EFBC}") = "Olinda.Domain", "Olinda.Domain\Olinda.Domain.csproj", "{63429DCF-16AA-46C0-A337-C449F7695438}"
EndProject
Global
	GlobalSection(SolutionConfigurationPlatforms) = preSolution
		Debug|Any CPU = Debug|Any CPU
		Release|Any CPU = Release|Any CPU
	EndGlobalSection
	GlobalSection(SolutionProperties) = preSolution
		HideSolutionNode = FALSE
	EndGlobalSection
	GlobalSection(ProjectConfigurationPlatforms) = postSolution
		{47A0BB7B-99A4-4A10-A900-67F05DF8DAED}.Debug|Any CPU.ActiveCfg = Debug|Any CPU
		{47A0BB7B-99A4-4A10-A900-67F05DF8DAED}.Debug|Any CPU.Build.0 = Debug|Any CPU
		{47A0BB7B-99A4-4A10-A900-67F05DF8DAED}.Release|Any CPU.ActiveCfg = Release|Any CPU
		{47A0BB7B-99A4-4A10-A900-67F05DF8DAED}.Release|Any CPU.Build.0 = Release|Any CPU
		{63429DCF-16AA-46C0-A337-C449F7695438}.Debug|Any CPU.ActiveCfg = Debug|Any CPU
		{63429DCF-16AA-46C0-A337-C449F7695438}.Debug|Any CPU.Build.0 = Debug|Any CPU
		{63429DCF-16AA-46C0-A337-C449F7695438}.Release|Any CPU.ActiveCfg = Release|Any CPU
		{63429DCF-16AA-46C0-A337-C449F7695438}.Release|Any CPU.Build.0 = Release|Any CPU
	EndGlobalSection
EndGlobal
